
Microsoft Visual Studio Solution File, Format Version 12.00
# Visual Studio Version 17
VisualStudioVersion = 17.0.31919.166
MinimumVisualStudioVersion = 10.0.40219.1
Project("{FAE04EC0-301F-11D3-BF4B-00C04F79EFBC}") = "Implementation_Deque", "Implementation_Deque\Implementation_Deque.csproj", "{6B815D33-7744-42E9-A408-B40AC283E788}"
EndProject
Global
	GlobalSection(SolutionConfigurationPlatforms) = preSolution
		Debug|Any CPU = Debug|Any CPU
		Release|Any CPU = Release|Any CPU
	EndGlobalSection
	GlobalSection(ProjectConfigurationPlatforms) = postSolution
		{6B815D33-7744-42E9-A408-B40AC283E788}.Debug|Any CPU.ActiveCfg = Debug|Any CPU
		{6B815D33-7744-42E9-A408-B40AC283E788}.Debug|Any CPU.Build.0 = Debug|Any CPU
		{6B815D33-7744-42E9-A408-B40AC283E788}.Release|Any CPU.ActiveCfg = Release|Any CPU
		{6B815D33-7744-42E9-A408-B40AC283E788}.Release|Any CPU.Build.0 = Release|Any CPU
	EndGlobalSection
	GlobalSection(SolutionProperties) = preSolution
		HideSolutionNode = FALSE
	EndGlobalSection
	GlobalSection(ExtensibilityGlobals) = postSolution
		SolutionGuid = {66DA80CD-E24D-4FC0-9FD0-DFD6C4CDD1D4}
	EndGlobalSection
EndGlobal
